[[package]]
name = "asttokens"
version = "2.0.5"
description = "Annotate AST trees with source code positions"
category = "main"
optional = false
python-versions = "*"

[package.dependencies]
six = "*"

[package.extras]
test = ["astroid", "pytest"]

[[package]]
name = "atomicwrites"
version = "1.4.0"
description = "Atomic file writes."
category = "dev"
optional = false
python-versions = ">=2.7, !=3.0.*, !=3.1.*, !=3.2.*, !=3.3.*"

[[package]]
name = "attrs"
version = "21.4.0"
description = "Classes Without Boilerplate"
category = "dev"
optional = false
python-versions = ">=2.7, !=3.0.*, !=3.1.*, !=3.2.*, !=3.3.*, !=3.4.*"

[package.extras]
dev = ["coverage[toml] (>=5.0.2)", "hypothesis", "pympler", "pytest (>=4.3.0)", "six", "mypy", "pytest-mypy-plugins", "zope.interface", "furo", "sphinx", "sphinx-notfound-page", "pre-commit", "cloudpickle"]
docs = ["furo", "sphinx", "zope.interface", "sphinx-notfound-page"]
tests = ["coverage[toml] (>=5.0.2)", "hypothesis", "pympler", "pytest (>=4.3.0)", "six", "mypy", "pytest-mypy-plugins", "zope.interface", "cloudpickle"]
tests_no_zope = ["coverage[toml] (>=5.0.2)", "hypothesis", "pympler", "pytest (>=4.3.0)", "six", "mypy", "pytest-mypy-plugins", "cloudpickle"]

[[package]]
name = "colorama"
version = "0.4.4"
description = "Cross-platform colored terminal text."
category = "dev"
optional = false
python-versions = ">=2.7, !=3.0.*, !=3.1.*, !=3.2.*, !=3.3.*, !=3.4.*"

[[package]]
name = "coverage"
version = "6.3.3"
description = "Code coverage measurement for Python"
category = "dev"
optional = false
python-versions = ">=3.7"

[package.dependencies]
tomli = {version = "*", optional = true, markers = "extra == \"toml\""}

[package.extras]
toml = ["tomli"]

[[package]]
name = "diot"
version = "0.1.6"
description = "Python dictionary with dot notation."
category = "main"
optional = false
python-versions = ">=3.7,<4.0"

[package.dependencies]
inflection = ">=0.5,<0.6"

[[package]]
name = "executing"
version = "0.8.3"
description = "Get the currently executing AST node of a frame, and other information"
category = "main"
optional = false
python-versions = "*"

[[package]]
name = "importlib-metadata"
version = "4.11.3"
description = "Read metadata from Python packages"
category = "dev"
optional = false
python-versions = ">=3.7"

[package.dependencies]
typing-extensions = {version = ">=3.6.4", markers = "python_version < \"3.8\""}
zipp = ">=0.5"

[package.extras]
docs = ["sphinx", "jaraco.packaging (>=9)", "rst.linker (>=1.9)"]
perf = ["ipython"]
testing = ["pytest (>=6)", "pytest-checkdocs (>=2.4)", "pytest-flake8", "pytest-cov", "pytest-enabler (>=1.0.1)", "packaging", "pyfakefs", "flufl.flake8", "pytest-perf (>=0.9.2)", "pytest-black (>=0.3.7)", "pytest-mypy (>=0.9.1)", "importlib-resources (>=1.3)"]

[[package]]
name = "inflection"
version = "0.5.1"
description = "A port of Ruby on Rails inflector to Python"
category = "main"
optional = false
python-versions = ">=3.5"

[[package]]
name = "iniconfig"
version = "1.1.1"
description = "iniconfig: brain-dead simple config-ini parsing"
category = "dev"
optional = false
python-versions = "*"

[[package]]
name = "packaging"
version = "21.3"
description = "Core utilities for Python packages"
category = "dev"
optional = false
python-versions = ">=3.6"

[package.dependencies]
pyparsing = ">=2.0.2,<3.0.5 || >3.0.5"

[[package]]
name = "pluggy"
version = "1.0.0"
description = "plugin and hook calling mechanisms for python"
category = "dev"
optional = false
python-versions = ">=3.6"

[package.dependencies]
importlib-metadata = {version = ">=0.12", markers = "python_version < \"3.8\""}

[package.extras]
dev = ["pre-commit", "tox"]
testing = ["pytest", "pytest-benchmark"]

[[package]]
name = "pure-eval"
version = "0.2.2"
description = "Safely evaluate AST nodes without side effects"
category = "main"
optional = false
python-versions = "*"

[package.extras]
tests = ["pytest"]

[[package]]
name = "py"
version = "1.11.0"
description = "library with cross-python path, ini-parsing, io, code, log facilities"
category = "dev"
optional = false
python-versions = ">=2.7, !=3.0.*, !=3.1.*, !=3.2.*, !=3.3.*, !=3.4.*"

[[package]]
name = "pyparsing"
version = "3.0.9"
description = "pyparsing module - Classes and methods to define and execute parsing grammars"
category = "dev"
optional = false
python-versions = ">=3.6.8"

[package.extras]
diagrams = ["railroad-diagrams", "jinja2"]

[[package]]
name = "pytest"
version = "7.1.2"
description = "pytest: simple powerful testing with Python"
category = "dev"
optional = false
python-versions = ">=3.7"

[package.dependencies]
atomicwrites = {version = ">=1.0", markers = "sys_platform == \"win32\""}
attrs = ">=19.2.0"
colorama = {version = "*", markers = "sys_platform == \"win32\""}
importlib-metadata = {version = ">=0.12", markers = "python_version < \"3.8\""}
iniconfig = "*"
packaging = "*"
pluggy = ">=0.12,<2.0"
py = ">=1.8.2"
tomli = ">=1.0.0"

[package.extras]
testing = ["argcomplete", "hypothesis (>=3.56)", "mock", "nose", "pygments (>=2.7.2)", "requests", "xmlschema"]

[[package]]
name = "pytest-cov"
version = "3.0.0"
description = "Pytest plugin for measuring coverage."
category = "dev"
optional = false
python-versions = ">=3.6"

[package.dependencies]
coverage = {version = ">=5.2.1", extras = ["toml"]}
pytest = ">=4.6"

[package.extras]
testing = ["fields", "hunter", "process-tests", "six", "pytest-xdist", "virtualenv"]

[[package]]
name = "six"
version = "1.16.0"
description = "Python 2 and 3 compatibility utilities"
category = "main"
optional = false
python-versions = ">=2.7, !=3.0.*, !=3.1.*, !=3.2.*"

[[package]]
name = "tomli"
version = "2.0.1"
description = "A lil' TOML parser"
category = "dev"
optional = false
python-versions = ">=3.7"

[[package]]
name = "typing-extensions"
version = "4.2.0"
description = "Backported and Experimental Type Hints for Python 3.7+"
category = "dev"
optional = false
python-versions = ">=3.7"

[[package]]
name = "varname"
version = "0.8.3"
description = "Dark magics about variable names in python."
category = "main"
optional = false
python-versions = ">=3.6,<4.0"

[package.dependencies]
asttokens = ">=2.0.0,<3.0.0"
executing = ">=0.8.3,<0.9.0"
pure_eval = "<1.0.0"

[[package]]
name = "zipp"
version = "3.8.0"
description = "Backport of pathlib-compatible object wrapper for zip files"
category = "dev"
optional = false
python-versions = ">=3.7"

[package.extras]
docs = ["sphinx", "jaraco.packaging (>=9)", "rst.linker (>=1.9)"]
testing = ["pytest (>=6)", "pytest-checkdocs (>=2.4)", "pytest-flake8", "pytest-cov", "pytest-enabler (>=1.0.1)", "jaraco.itertools", "func-timeout", "pytest-black (>=0.3.7)", "pytest-mypy (>=0.9.1)"]

[metadata]
lock-version = "1.1"
python-versions = "^3.7"
content-hash = "1ef830788cce9ed0b09cee5109f39480e2798f9f555a371a26d6ac9702326ff9"

[metadata.files]
asttokens = [
    {file = "asttokens-2.0.5-py2.py3-none-any.whl", hash = "sha256:0844691e88552595a6f4a4281a9f7f79b8dd45ca4ccea82e5e05b4bbdb76705c"},
    {file = "asttokens-2.0.5.tar.gz", hash = "sha256:9a54c114f02c7a9480d56550932546a3f1fe71d8a02f1bc7ccd0ee3ee35cf4d5"},
]
atomicwrites = [
    {file = "atomicwrites-1.4.0-py2.py3-none-any.whl", hash = "sha256:6d1784dea7c0c8d4a5172b6c620f40b6e4cbfdf96d783691f2e1302a7b88e197"},
    {file = "atomicwrites-1.4.0.tar.gz", hash = "sha256:ae70396ad1a434f9c7046fd2dd196fc04b12f9e91ffb859164193be8b6168a7a"},
]
attrs = [
    {file = "attrs-21.4.0-py2.py3-none-any.whl", hash = "sha256:2d27e3784d7a565d36ab851fe94887c5eccd6a463168875832a1be79c82828b4"},
    {file = "attrs-21.4.0.tar.gz", hash = "sha256:626ba8234211db98e869df76230a137c4c40a12d72445c45d5f5b716f076e2fd"},
]
colorama = [
    {file = "colorama-0.4.4-py2.py3-none-any.whl", hash = "sha256:9f47eda37229f68eee03b24b9748937c7dc3868f906e8ba69fbcbdd3bc5dc3e2"},
    {file = "colorama-0.4.4.tar.gz", hash = "sha256:5941b2b48a20143d2267e95b1c2a7603ce057ee39fd88e7329b0c292aa16869b"},
]
coverage = [
    {file = "coverage-6.3.3-cp310-cp310-macosx_10_9_x86_64.whl", hash = "sha256:df32ee0f4935a101e4b9a5f07b617d884a531ed5666671ff6ac66d2e8e8246d8"},
    {file = "coverage-6.3.3-cp310-cp310-macosx_11_0_arm64.whl", hash = "sha256:75b5dbffc334e0beb4f6c503fb95e6d422770fd2d1b40a64898ea26d6c02742d"},
    {file = "coverage-6.3.3-cp310-cp310-manylinux_2_17_aarch64.manylinux2014_aarch64.whl", hash = "sha256:114944e6061b68a801c5da5427b9173a0dd9d32cd5fcc18a13de90352843737d"},
    {file = "coverage-6.3.3-cp310-cp310-manylinux_2_5_i686.manylinux1_i686.manylinux_2_17_i686.manylinux2014_i686.whl", hash = "sha256:2ab88a01cd180b5640ccc9c47232e31924d5f9967ab7edd7e5c91c68eee47a69"},
    {file = "coverage-6.3.3-cp310-cp310-manylinux_2_5_x86_64.manylinux1_x86_64.manylinux_2_17_x86_64.manylinux2014_x86_64.whl", hash = "sha256:ad8f9068f5972a46d50fe5f32c09d6ee11da69c560fcb1b4c3baea246ca4109b"},
    {file = "coverage-6.3.3-cp310-cp310-musllinux_1_1_aarch64.whl", hash = "sha256:4cd696aa712e6cd16898d63cf66139dc70d998f8121ab558f0e1936396dbc579"},
    {file = "coverage-6.3.3-cp310-cp310-musllinux_1_1_i686.whl", hash = "sha256:c1a9942e282cc9d3ed522cd3e3cab081149b27ea3bda72d6f61f84eaf88c1a63"},
    {file = "coverage-6.3.3-cp310-cp310-musllinux_1_1_x86_64.whl", hash = "sha256:c06455121a089252b5943ea682187a4e0a5cf0a3fb980eb8e7ce394b144430a9"},
    {file = "coverage-6.3.3-cp310-cp310-win32.whl", hash = "sha256:cb5311d6ccbd22578c80028c5e292a7ab9adb91bd62c1982087fad75abe2e63d"},
    {file = "coverage-6.3.3-cp310-cp310-win_amd64.whl", hash = "sha256:6d4a6f30f611e657495cc81a07ff7aa8cd949144e7667c5d3e680d73ba7a70e4"},
    {file = "coverage-6.3.3-cp37-cp37m-macosx_10_9_x86_64.whl", hash = "sha256:79bf405432428e989cad7b8bc60581963238f7645ae8a404f5dce90236cc0293"},
    {file = "coverage-6.3.3-cp37-cp37m-manylinux_2_17_aarch64.manylinux2014_aarch64.whl", hash = "sha256:338c417613f15596af9eb7a39353b60abec9d8ce1080aedba5ecee6a5d85f8d3"},
    {file = "coverage-6.3.3-cp37-cp37m-manylinux_2_5_i686.manylinux1_i686.manylinux_2_17_i686.manylinux2014_i686.whl", hash = "sha256:db094a6a4ae6329ed322a8973f83630b12715654c197dd392410400a5bfa1a73"},
    {file = "coverage-6.3.3-cp37-cp37m-manylinux_2_5_x86_64.manylinux1_x86_64.manylinux_2_17_x86_64.manylinux2014_x86_64.whl", hash = "sha256:1414e8b124611bf4df8d77215bd32cba6e3425da8ce9c1f1046149615e3a9a31"},
    {file = "coverage-6.3.3-cp37-cp37m-musllinux_1_1_aarch64.whl", hash = "sha256:93b16b08f94c92cab88073ffd185070cdcb29f1b98df8b28e6649145b7f2c90d"},
    {file = "coverage-6.3.3-cp37-cp37m-musllinux_1_1_i686.whl", hash = "sha256:fbc86ae8cc129c801e7baaafe3addf3c8d49c9c1597c44bdf2d78139707c3c62"},
    {file = "coverage-6.3.3-cp37-cp37m-musllinux_1_1_x86_64.whl", hash = "sha256:b5ba058610e8289a07db2a57bce45a1793ec0d3d11db28c047aae2aa1a832572"},
    {file = "coverage-6.3.3-cp37-cp37m-win32.whl", hash = "sha256:8329635c0781927a2c6ae068461e19674c564e05b86736ab8eb29c420ee7dc20"},
    {file = "coverage-6.3.3-cp37-cp37m-win_amd64.whl", hash = "sha256:e5af1feee71099ae2e3b086ec04f57f9950e1be9ecf6c420696fea7977b84738"},
    {file = "coverage-6.3.3-cp38-cp38-macosx_10_9_x86_64.whl", hash = "sha256:e814a4a5a1d95223b08cdb0f4f57029e8eab22ffdbae2f97107aeef28554517e"},
    {file = "coverage-6.3.3-cp38-cp38-macosx_11_0_arm64.whl", hash = "sha256:61f4fbf3633cb0713437291b8848634ea97f89c7e849c2be17a665611e433f53"},
    {file = "coverage-6.3.3-cp38-cp38-manylinux_2_17_aarch64.manylinux2014_aarch64.whl", hash = "sha256:3401b0d2ed9f726fadbfa35102e00d1b3547b73772a1de5508ef3bdbcb36afe7"},
    {file = "coverage-6.3.3-cp38-cp38-manylinux_2_5_i686.manylinux1_i686.manylinux_2_17_i686.manylinux2014_i686.whl", hash = "sha256:8586b177b4407f988731eb7f41967415b2197f35e2a6ee1a9b9b561f6323c8e9"},
    {file = "coverage-6.3.3-cp38-cp38-manylinux_2_5_x86_64.manylinux1_x86_64.manylinux_2_17_x86_64.manylinux2014_x86_64.whl", hash = "sha256:892e7fe32191960da559a14536768a62e83e87bbb867e1b9c643e7e0fbce2579"},
    {file = "coverage-6.3.3-cp38-cp38-musllinux_1_1_aarch64.whl", hash = "sha256:afb03f981fadb5aed1ac6e3dd34f0488e1a0875623d557b6fad09b97a942b38a"},
    {file = "coverage-6.3.3-cp38-cp38-musllinux_1_1_i686.whl", hash = "sha256:cbe91bc84be4e5ef0b1480d15c7b18e29c73bdfa33e07d3725da7d18e1b0aff2"},
    {file = "coverage-6.3.3-cp38-cp38-musllinux_1_1_x86_64.whl", hash = "sha256:91502bf27cbd5c83c95cfea291ef387469f2387508645602e1ca0fd8a4ba7548"},
    {file = "coverage-6.3.3-cp38-cp38-win32.whl", hash = "sha256:c488db059848702aff30aa1d90ef87928d4e72e4f00717343800546fdbff0a94"},
    {file = "coverage-6.3.3-cp38-cp38-win_amd64.whl", hash = "sha256:ceb6534fcdfb5c503affb6b1130db7b5bfc8a0f77fa34880146f7a5c117987d0"},
    {file = "coverage-6.3.3-cp39-cp39-macosx_10_9_x86_64.whl", hash = "sha256:cc692c9ee18f0dd3214843779ba6b275ee4bb9b9a5745ba64265bce911aefd1a"},
    {file = "coverage-6.3.3-cp39-cp39-macosx_11_0_arm64.whl", hash = "sha256:462105283de203df8de58a68c1bb4ba2a8a164097c2379f664fa81d6baf94b81"},
    {file = "coverage-6.3.3-cp39-cp39-manylinux_2_17_aarch64.manylinux2014_aarch64.whl", hash = "sha256:cc972d829ad5ef4d4c5fcabd2bbe2add84ce8236f64ba1c0c72185da3a273130"},
    {file = "coverage-6.3.3-cp39-cp39-manylinux_2_5_i686.manylinux1_i686.manylinux_2_17_i686.manylinux2014_i686.whl", hash = "sha256:06f54765cdbce99901871d50fe9f41d58213f18e98b170a30ca34f47de7dd5e8"},
    {file = "coverage-6.3.3-cp39-cp39-manylinux_2_5_x86_64.manylinux1_x86_64.manylinux_2_17_x86_64.manylinux2014_x86_64.whl", hash = "sha256:7835f76a081787f0ca62a53504361b3869840a1620049b56d803a8cb3a9eeea3"},
    {file = "coverage-6.3.3-cp39-cp39-musllinux_1_1_aarch64.whl", hash = "sha256:6f5fee77ec3384b934797f1873758f796dfb4f167e1296dc00f8b2e023ce6ee9"},
    {file = "coverage-6.3.3-cp39-cp39-musllinux_1_1_i686.whl", hash = "sha256:baa8be8aba3dd1e976e68677be68a960a633a6d44c325757aefaa4d66175050f"},
    {file = "coverage-6.3.3-cp39-cp39-musllinux_1_1_x86_64.whl", hash = "sha256:4d06380e777dd6b35ee936f333d55b53dc4a8271036ff884c909cf6e94be8b6c"},
    {file = "coverage-6.3.3-cp39-cp39-win32.whl", hash = "sha256:f8cabc5fd0091976ab7b020f5708335033e422de25e20ddf9416bdce2b7e07d8"},
    {file = "coverage-6.3.3-cp39-cp39-win_amd64.whl", hash = "sha256:9c9441d57b0963cf8340268ad62fc83de61f1613034b79c2b1053046af0c5284"},
    {file = "coverage-6.3.3-pp36.pp37.pp38-none-any.whl", hash = "sha256:d522f1dc49127eab0bfbba4e90fa068ecff0899bbf61bf4065c790ddd6c177fe"},
    {file = "coverage-6.3.3.tar.gz", hash = "sha256:2781c43bffbbec2b8867376d4d61916f5e9c4cc168232528562a61d1b4b01879"},
]
diot = [
    {file = "diot-0.1.6-py3-none-any.whl", hash = "sha256:1e7f97bbc92cbbdd51d8c535885f5e2a71762b364c1b2410dfc84f3a4572d551"},
    {file = "diot-0.1.6.tar.gz", hash = "sha256:1dcfc37dff406c96020d14350c05f920cb7446c3e5abf3477cf2ae0587f72066"},
]
executing = [
    {file = "executing-0.8.3-py2.py3-none-any.whl", hash = "sha256:d1eef132db1b83649a3905ca6dd8897f71ac6f8cac79a7e58a1a09cf137546c9"},
    {file = "executing-0.8.3.tar.gz", hash = "sha256:c6554e21c6b060590a6d3be4b82fb78f8f0194d809de5ea7df1c093763311501"},
]
importlib-metadata = [
    {file = "importlib_metadata-4.11.3-py3-none-any.whl", hash = "sha256:1208431ca90a8cca1a6b8af391bb53c1a2db74e5d1cef6ddced95d4b2062edc6"},
    {file = "importlib_metadata-4.11.3.tar.gz", hash = "sha256:ea4c597ebf37142f827b8f39299579e31685c31d3a438b59f469406afd0f2539"},
]
inflection = [
    {file = "inflection-0.5.1-py2.py3-none-any.whl", hash = "sha256:f38b2b640938a4f35ade69ac3d053042959b62a0f1076a5bbaa1b9526605a8a2"},
    {file = "inflection-0.5.1.tar.gz", hash = "sha256:1a29730d366e996aaacffb2f1f1cb9593dc38e2ddd30c91250c6dde09ea9b417"},
]
iniconfig = [
    {file = "iniconfig-1.1.1-py2.py3-none-any.whl", hash = "sha256:011e24c64b7f47f6ebd835bb12a743f2fbe9a26d4cecaa7f53bc4f35ee9da8b3"},
    {file = "iniconfig-1.1.1.tar.gz", hash = "sha256:bc3af051d7d14b2ee5ef9969666def0cd1a000e121eaea580d4a313df4b37f32"},
]
packaging = [
    {file = "packaging-21.3-py3-none-any.whl", hash = "sha256:ef103e05f519cdc783ae24ea4e2e0f508a9c99b2d4969652eed6a2e1ea5bd522"},
    {file = "packaging-21.3.tar.gz", hash = "sha256:dd47c42927d89ab911e606518907cc2d3a1f38bbd026385970643f9c5b8ecfeb"},
]
pluggy = [
    {file = "pluggy-1.0.0-py2.py3-none-any.whl", hash = "sha256:74134bbf457f031a36d68416e1509f34bd5ccc019f0bcc952c7b909d06b37bd3"},
    {file = "pluggy-1.0.0.tar.gz", hash = "sha256:4224373bacce55f955a878bf9cfa763c1e360858e330072059e10bad68531159"},
]
pure-eval = [
    {file = "pure_eval-0.2.2-py3-none-any.whl", hash = "sha256:01eaab343580944bc56080ebe0a674b39ec44a945e6d09ba7db3cb8cec289350"},
    {file = "pure_eval-0.2.2.tar.gz", hash = "sha256:2b45320af6dfaa1750f543d714b6d1c520a1688dec6fd24d339063ce0aaa9ac3"},
]
py = [
    {file = "py-1.11.0-py2.py3-none-any.whl", hash = "sha256:607c53218732647dff4acdfcd50cb62615cedf612e72d1724fb1a0cc6405b378"},
    {file = "py-1.11.0.tar.gz", hash = "sha256:51c75c4126074b472f746a24399ad32f6053d1b34b68d2fa41e558e6f4a98719"},
]
pyparsing = [
    {file = "pyparsing-3.0.9-py3-none-any.whl", hash = "sha256:5026bae9a10eeaefb61dab2f09052b9f4307d44aee4eda64b309723d8d206bbc"},
    {file = "pyparsing-3.0.9.tar.gz", hash = "sha256:2b020ecf7d21b687f219b71ecad3631f644a47f01403fa1d1036b0c6416d70fb"},
]
pytest = [
    {file = "pytest-7.1.2-py3-none-any.whl", hash = "sha256:13d0e3ccfc2b6e26be000cb6568c832ba67ba32e719443bfe725814d3c42433c"},
    {file = "pytest-7.1.2.tar.gz", hash = "sha256:a06a0425453864a270bc45e71f783330a7428defb4230fb5e6a731fde06ecd45"},
]
pytest-cov = [
    {file = "pytest-cov-3.0.0.tar.gz", hash = "sha256:e7f0f5b1617d2210a2cabc266dfe2f4c75a8d32fb89eafb7ad9d06f6d076d470"},
    {file = "pytest_cov-3.0.0-py3-none-any.whl", hash = "sha256:578d5d15ac4a25e5f961c938b85a05b09fdaae9deef3bb6de9a6e766622ca7a6"},
]
six = [
    {file = "six-1.16.0-py2.py3-none-any.whl", hash = "sha256:8abb2f1d86890a2dfb989f9a77cfcfd3e47c2a354b01111771326f8aa26e0254"},
    {file = "six-1.16.0.tar.gz", hash = "sha256:1e61c37477a1626458e36f7b1d82aa5c9b094fa4802892072e49de9c60c4c926"},
]
tomli = [
    {file = "tomli-2.0.1-py3-none-any.whl", hash = "sha256:939de3e7a6161af0c887ef91b7d41a53e7c5a1ca976325f429cb46ea9bc30ecc"},
    {file = "tomli-2.0.1.tar.gz", hash = "sha256:de526c12914f0c550d15924c62d72abc48d6fe7364aa87328337a31007fe8a4f"},
]
typing-extensions = [
    {file = "typing_extensions-4.2.0-py3-none-any.whl", hash = "sha256:6657594ee297170d19f67d55c05852a874e7eb634f4f753dbd667855e07c1708"},
    {file = "typing_extensions-4.2.0.tar.gz", hash = "sha256:f1c24655a0da0d1b67f07e17a5e6b2a105894e6824b92096378bb3668ef02376"},
]
varname = [
    {file = "varname-0.8.3-py3-none-any.whl", hash = "sha256:f954e72127da2bf249e2ae3fae44fa6ee41e5fc87a65dca1bc5cdfdb74428ed0"},
    {file = "varname-0.8.3.tar.gz", hash = "sha256:53283f002ea6757a6157cc362cd9464243687bf7d88d7d49a9c853f956e73973"},
]
zipp = [
    {file = "zipp-3.8.0-py3-none-any.whl", hash = "sha256:c4f6e5bbf48e74f7a38e7cc5b0480ff42b0ae5178957d564d18932525d5cf099"},
    {file = "zipp-3.8.0.tar.gz", hash = "sha256:56bf8aadb83c24db6c4b577e13de374ccfb67da2078beba1d037c17980bf43ad"},
]
